
Microsoft Visual Studio Solution File, Format Version 12.00
# Visual Studio Version 17
VisualStudioVersion = 17.5.002.0
MinimumVisualStudioVersion = 10.0.40219.1
Project("{2150E333-8FDC-42A3-9474-1A3956D46DE8}") = "prepare", "prepare", "{83D1411E-849D-4D7A-BE93-D0F279D32738}"
EndProject
Project("{9A19103F-16F7-4668-BE54-9A1E7A4F7556}") = "Learning02", "prepare\Learning02\Learning02.csproj", "{58EBE883-47E7-49C0-AD38-DF5A3BB02D81}"
EndProject
Project("{9A19103F-16F7-4668-BE54-9A1E7A4F7556}") = "Learning05", "prepare\Learning05\Learning05.csproj", "{7BD2FBCB-F2F4-46EA-8C92-72E4170F65A4}"
EndProject
Project("{9A19103F-16F7-4668-BE54-9A1E7A4F7556}") = "Learning04", "prepare\Learning04\Learning04.csproj", "{691798DD-B301-40F1-BE28-3BF7018F7615}"
EndProject
Project("{9A19103F-16F7-4668-BE54-9A1E7A4F7556}") = "Learning03", "prepare\Learning03\Learning03.csproj", "{50D51ADF-4450-4F0A-9D65-497E1CEFE804}"
EndProject
Project("{2150E333-8FDC-42A3-9474-1A3956D46DE8}") = "prove", "prove", "{02285094-7419-4DAF-8D16-8E4A4E62DDBC}"
EndProject
Project("{9A19103F-16F7-4668-BE54-9A1E7A4F7556}") = "Develop03", "prove\Develop03\Develop03.csproj", "{69939C7C-A030-4C75-8BED-5415F6A40BFD}"
EndProject
Project("{9A19103F-16F7-4668-BE54-9A1E7A4F7556}") = "Develop04", "prove\Develop04\Develop04.csproj", "{F493F026-5F10-436E-B2DF-0BA93885B2E6}"
EndProject
Project("{9A19103F-16F7-4668-BE54-9A1E7A4F7556}") = "Develop05", "prove\Develop05\Develop05.csproj", "{9F9CF64A-BC4D-4477-B873-08114841F528}"
EndProject
Project("{9A19103F-16F7-4668-BE54-9A1E7A4F7556}") = "Develop02", "prove\Develop02\Develop02.csproj", "{AEDE8A17-4486-42AB-9DE7-E655D851DF80}"
EndProject
Project("{2150E333-8FDC-42A3-9474-1A3956D46DE8}") = "sandbox", "sandbox", "{88DFBAD4-BED9-4D3D-ACD3-C3616D359871}"
EndProject
Project("{9A19103F-16F7-4668-BE54-9A1E7A4F7556}") = "Sandbox", "sandbox\Sandbox\Sandbox.csproj", "{5A280F4E-B20C-4718-B869-0ECA77AA7BA6}"
EndProject
Project("{2150E333-8FDC-42A3-9474-1A3956D46DE8}") = "final", "final", "{69820463-F862-4337-8CAA-1A79289ACE91}"
EndProject
Project("{9A19103F-16F7-4668-BE54-9A1E7A4F7556}") = "FinalProject", "final\FinalProject\FinalProject.csproj", "{079522B1-646A-43C1-9DA6-7B78A2FDBDE6}"
EndProject
Project("{9A19103F-16F7-4668-BE54-9A1E7A4F7556}") = "Foundation1", "final\Foundation1\Foundation1.csproj", "{83F7496B-A08F-46E0-9AE4-2CB3EBA38FA4}"
EndProject
Project("{9A19103F-16F7-4668-BE54-9A1E7A4F7556}") = "Foundation4", "final\Foundation4\Foundation4.csproj", "{FC58064E-5DBC-44FA-AC54-1B1D80F7B011}"
EndProject
Project("{9A19103F-16F7-4668-BE54-9A1E7A4F7556}") = "Foundation3", "final\Foundation3\Foundation3.csproj", "{50E4D5B1-A74F-470F-A526-A6FB6FB7A3C2}"
EndProject
Project("{9A19103F-16F7-4668-BE54-9A1E7A4F7556}") = "Foundation2", "final\Foundation2\Foundation2.csproj", "{6E732BA9-0293-4B3E-9646-2B4CE09749B7}"
EndProject
Project("{2150E333-8FDC-42A3-9474-1A3956D46DE8}") = "csharp-prep", "csharp-prep", "{B980CE32-8F1C-49C0-89E1-C168122DA61E}"
EndProject
Project("{9A19103F-16F7-4668-BE54-9A1E7A4F7556}") = "Prep1", "csharp-prep\Prep1\Prep1.csproj", "{38C13A3B-85AA-4502-8FDF-1A00291467E6}"
EndProject
Project("{9A19103F-16F7-4668-BE54-9A1E7A4F7556}") = "Prep5", "csharp-prep\Prep5\Prep5.csproj", "{0A42613B-596F-40F4-9F71-54C1838C9294}"
EndProject
Project("{9A19103F-16F7-4668-BE54-9A1E7A4F7556}") = "Prep2", "csharp-prep\Prep2\Prep2.csproj", "{9B4CC6F9-1492-4640-9C42-5DC38E3DD5E8}"
EndProject
Project("{9A19103F-16F7-4668-BE54-9A1E7A4F7556}") = "Prep3", "csharp-prep\Prep3\Prep3.csproj", "{7BB667A5-9744-4C09-824B-6DA004DE4F81}"
EndProject
Project("{9A19103F-16F7-4668-BE54-9A1E7A4F7556}") = "Prep4", "csharp-prep\Prep4\Prep4.csproj", "{DF9D69DF-4B0B-434D-8526-0C8B383182BA}"
EndProject
Global
	GlobalSection(SolutionConfigurationPlatforms) = preSolution
		Debug|Any CPU = Debug|Any CPU
		Release|Any CPU = Release|Any CPU
	EndGlobalSection
	GlobalSection(ProjectConfigurationPlatforms) = postSolution
		{58EBE883-47E7-49C0-AD38-DF5A3BB02D81}.Debug|Any CPU.ActiveCfg = Debug|Any CPU
		{58EBE883-47E7-49C0-AD38-DF5A3BB02D81}.Debug|Any CPU.Build.0 = Debug|Any CPU
		{58EBE883-47E7-49C0-AD38-DF5A3BB02D81}.Release|Any CPU.ActiveCfg = Release|Any CPU
		{58EBE883-47E7-49C0-AD38-DF5A3BB02D81}.Release|Any CPU.Build.0 = Release|Any CPU
		{7BD2FBCB-F2F4-46EA-8C92-72E4170F65A4}.Debug|Any CPU.ActiveCfg = Debug|Any CPU
		{7BD2FBCB-F2F4-46EA-8C92-72E4170F65A4}.Debug|Any CPU.Build.0 = Debug|Any CPU
		{7BD2FBCB-F2F4-46EA-8C92-72E4170F65A4}.Release|Any CPU.ActiveCfg = Release|Any CPU
		{7BD2FBCB-F2F4-46EA-8C92-72E4170F65A4}.Release|Any CPU.Build.0 = Release|Any CPU
		{691798DD-B301-40F1-BE28-3BF7018F7615}.Debug|Any CPU.ActiveCfg = Debug|Any CPU
		{691798DD-B301-40F1-BE28-3BF7018F7615}.Debug|Any CPU.Build.0 = Debug|Any CPU
		{691798DD-B301-40F1-BE28-3BF7018F7615}.Release|Any CPU.ActiveCfg = Release|Any CPU
		{691798DD-B301-40F1-BE28-3BF7018F7615}.Release|Any CPU.Build.0 = Release|Any CPU
		{50D51ADF-4450-4F0A-9D65-497E1CEFE804}.Debug|Any CPU.ActiveCfg = Debug|Any CPU
		{50D51ADF-4450-4F0A-9D65-497E1CEFE804}.Debug|Any CPU.Build.0 = Debug|Any CPU
		{50D51ADF-4450-4F0A-9D65-497E1CEFE804}.Release|Any CPU.ActiveCfg = Release|Any CPU
		{50D51ADF-4450-4F0A-9D65-497E1CEFE804}.Release|Any CPU.Build.0 = Release|Any CPU
		{69939C7C-A030-4C75-8BED-5415F6A40BFD}.Debug|Any CPU.ActiveCfg = Debug|Any CPU
		{69939C7C-A030-4C75-8BED-5415F6A40BFD}.Debug|Any CPU.Build.0 = Debug|Any CPU
		{69939C7C-A030-4C75-8BED-5415F6A40BFD}.Release|Any CPU.ActiveCfg = Release|Any CPU
		{69939C7C-A030-4C75-8BED-5415F6A40BFD}.Release|Any CPU.Build.0 = Release|Any CPU
		{F493F026-5F10-436E-B2DF-0BA93885B2E6}.Debug|Any CPU.ActiveCfg = Debug|Any CPU
		{F493F026-5F10-436E-B2DF-0BA93885B2E6}.Debug|Any CPU.Build.0 = Debug|Any CPU
		{F493F026-5F10-436E-B2DF-0BA93885B2E6}.Release|Any CPU.ActiveCfg = Release|Any CPU
		{F493F026-5F10-436E-B2DF-0BA93885B2E6}.Release|Any CPU.Build.0 = Release|Any CPU
		{9F9CF64A-BC4D-4477-B873-08114841F528}.Debug|Any CPU.ActiveCfg = Debug|Any CPU
		{9F9CF64A-BC4D-4477-B873-08114841F528}.Debug|Any CPU.Build.0 = Debug|Any CPU
		{9F9CF64A-BC4D-4477-B873-08114841F528}.Release|Any CPU.ActiveCfg = Release|Any CPU
		{9F9CF64A-BC4D-4477-B873-08114841F528}.Release|Any CPU.Build.0 = Release|Any CPU
		{AEDE8A17-4486-42AB-9DE7-E655D851DF80}.Debug|Any CPU.ActiveCfg = Debug|Any CPU
		{AEDE8A17-4486-42AB-9DE7-E655D851DF80}.Debug|Any CPU.Build.0 = Debug|Any CPU
		{AEDE8A17-4486-42AB-9DE7-E655D851DF80}.Release|Any CPU.ActiveCfg = Release|Any CPU
		{AEDE8A17-4486-42AB-9DE7-E655D851DF80}.Release|Any CPU.Build.0 = Release|Any CPU
		{5A280F4E-B20C-4718-B869-0ECA77AA7BA6}.Debug|Any CPU.ActiveCfg = Debug|Any CPU
		{5A280F4E-B20C-4718-B869-0ECA77AA7BA6}.Debug|Any CPU.Build.0 = Debug|Any CPU
		{5A280F4E-B20C-4718-B869-0ECA77AA7BA6}.Release|Any CPU.ActiveCfg = Release|Any CPU
		{5A280F4E-B20C-4718-B869-0ECA77AA7BA6}.Release|Any CPU.Build.0 = Release|Any CPU
		{079522B1-646A-43C1-9DA6-7B78A2FDBDE6}.Debug|Any CPU.ActiveCfg = Debug|Any CPU
		{079522B1-646A-43C1-9DA6-7B78A2FDBDE6}.Debug|Any CPU.Build.0 = Debug|Any CPU
		{079522B1-646A-43C1-9DA6-7B78A2FDBDE6}.Release|Any CPU.ActiveCfg = Release|Any CPU
		{079522B1-646A-43C1-9DA6-7B78A2FDBDE6}.Release|Any CPU.Build.0 = Release|Any CPU
		{83F7496B-A08F-46E0-9AE4-2CB3EBA38FA4}.Debug|Any CPU.ActiveCfg = Debug|Any CPU
		{83F7496B-A08F-46E0-9AE4-2CB3EBA38FA4}.Debug|Any CPU.Build.0 = Debug|Any CPU
		{83F7496B-A08F-46E0-9AE4-2CB3EBA38FA4}.Release|Any CPU.ActiveCfg = Release|Any CPU
		{83F7496B-A08F-46E0-9AE4-2CB3EBA38FA4}.Release|Any CPU.Build.0 = Release|Any CPU
		{FC58064E-5DBC-44FA-AC54-1B1D80F7B011}.Debug|Any CPU.ActiveCfg = Debug|Any CPU
		{FC58064E-5DBC-44FA-AC54-1B1D80F7B011}.Debug|Any CPU.Build.0 = Debug|Any CPU
		{FC58064E-5DBC-44FA-AC54-1B1D80F7B011}.Release|Any CPU.ActiveCfg = Release|Any CPU
		{FC58064E-5DBC-44FA-AC54-1B1D80F7B011}.Release|Any CPU.Build.0 = Release|Any CPU
		{50E4D5B1-A74F-470F-A526-A6FB6FB7A3C2}.Debug|Any CPU.ActiveCfg = Debug|Any CPU
		{50E4D5B1-A74F-470F-A526-A6FB6FB7A3C2}.Debug|Any CPU.Build.0 = Debug|Any CPU
		{50E4D5B1-A74F-470F-A526-A6FB6FB7A3C2}.Release|Any CPU.ActiveCfg = Release|Any CPU
		{50E4D5B1-A74F-470F-A526-A6FB6FB7A3C2}.Release|Any CPU.Build.0 = Release|Any CPU
		{6E732BA9-0293-4B3E-9646-2B4CE09749B7}.Debug|Any CPU.ActiveCfg = Debug|Any CPU
		{6E732BA9-0293-4B3E-9646-2B4CE09749B7}.Debug|Any CPU.Build.0 = Debug|Any CPU
		{6E732BA9-0293-4B3E-9646-2B4CE09749B7}.Release|Any CPU.ActiveCfg = Release|Any CPU
		{6E732BA9-0293-4B3E-9646-2B4CE09749B7}.Release|Any CPU.Build.0 = Release|Any CPU
		{38C13A3B-85AA-4502-8FDF-1A00291467E6}.Debug|Any CPU.ActiveCfg = Debug|Any CPU
		{38C13A3B-85AA-4502-8FDF-1A00291467E6}.Debug|Any CPU.Build.0 = Debug|Any CPU
		{38C13A3B-85AA-4502-8FDF-1A00291467E6}.Release|Any CPU.ActiveCfg = Release|Any CPU
		{38C13A3B-85AA-4502-8FDF-1A00291467E6}.Release|Any CPU.Build.0 = Release|Any CPU
		{0A42613B-596F-40F4-9F71-54C1838C9294}.Debug|Any CPU.ActiveCfg = Debug|Any CPU
		{0A42613B-596F-40F4-9F71-54C1838C9294}.Debug|Any CPU.Build.0 = Debug|Any CPU
		{0A42613B-596F-40F4-9F71-54C1838C9294}.Release|Any CPU.ActiveCfg = Release|Any CPU
		{0A42613B-596F-40F4-9F71-54C1838C9294}.Release|Any CPU.Build.0 = Release|Any CPU
		{9B4CC6F9-1492-4640-9C42-5DC38E3DD5E8}.Debug|Any CPU.ActiveCfg = Debug|Any CPU
		{9B4CC6F9-1492-4640-9C42-5DC38E3DD5E8}.Debug|Any CPU.Build.0 = Debug|Any CPU
		{9B4CC6F9-1492-4640-9C42-5DC38E3DD5E8}.Release|Any CPU.ActiveCfg = Release|Any CPU
		{9B4CC6F9-1492-4640-9C42-5DC38E3DD5E8}.Release|Any CPU.Build.0 = Release|Any CPU
		{7BB667A5-9744-4C09-824B-6DA004DE4F81}.Debug|Any CPU.ActiveCfg = Debug|Any CPU
		{7BB667A5-9744-4C09-824B-6DA004DE4F81}.Debug|Any CPU.Build.0 = Debug|Any CPU
		{7BB667A5-9744-4C09-824B-6DA004DE4F81}.Release|Any CPU.ActiveCfg = Release|Any CPU
		{7BB667A5-9744-4C09-824B-6DA004DE4F81}.Release|Any CPU.Build.0 = Release|Any CPU
		{DF9D69DF-4B0B-434D-8526-0C8B383182BA}.Debug|Any CPU.ActiveCfg = Debug|Any CPU
		{DF9D69DF-4B0B-434D-8526-0C8B383182BA}.Debug|Any CPU.Build.0 = Debug|Any CPU
		{DF9D69DF-4B0B-434D-8526-0C8B383182BA}.Release|Any CPU.ActiveCfg = Release|Any CPU
		{DF9D69DF-4B0B-434D-8526-0C8B383182BA}.Release|Any CPU.Build.0 = Release|Any CPU
	EndGlobalSection
	GlobalSection(SolutionProperties) = preSolution
		HideSolutionNode = FALSE
	EndGlobalSection
	GlobalSection(NestedProjects) = preSolution
		{58EBE883-47E7-49C0-AD38-DF5A3BB02D81} = {83D1411E-849D-4D7A-BE93-D0F279D32738}
		{7BD2FBCB-F2F4-46EA-8C92-72E4170F65A4} = {83D1411E-849D-4D7A-BE93-D0F279D32738}
		{691798DD-B301-40F1-BE28-3BF7018F7615} = {83D1411E-849D-4D7A-BE93-D0F279D32738}
		{50D51ADF-4450-4F0A-9D65-497E1CEFE804} = {83D1411E-849D-4D7A-BE93-D0F279D32738}
		{69939C7C-A030-4C75-8BED-5415F6A40BFD} = {02285094-7419-4DAF-8D16-8E4A4E62DDBC}
		{F493F026-5F10-436E-B2DF-0BA93885B2E6} = {02285094-7419-4DAF-8D16-8E4A4E62DDBC}
		{9F9CF64A-BC4D-4477-B873-08114841F528} = {02285094-7419-4DAF-8D16-8E4A4E62DDBC}
		{AEDE8A17-4486-42AB-9DE7-E655D851DF80} = {02285094-7419-4DAF-8D16-8E4A4E62DDBC}
		{5A280F4E-B20C-4718-B869-0ECA77AA7BA6} = {88DFBAD4-BED9-4D3D-ACD3-C3616D359871}
		{079522B1-646A-43C1-9DA6-7B78A2FDBDE6} = {69820463-F862-4337-8CAA-1A79289ACE91}
		{83F7496B-A08F-46E0-9AE4-2CB3EBA38FA4} = {69820463-F862-4337-8CAA-1A79289ACE91}
		{FC58064E-5DBC-44FA-AC54-1B1D80F7B011} = {69820463-F862-4337-8CAA-1A79289ACE91}
		{50E4D5B1-A74F-470F-A526-A6FB6FB7A3C2} = {69820463-F862-4337-8CAA-1A79289ACE91}
		{6E732BA9-0293-4B3E-9646-2B4CE09749B7} = {69820463-F862-4337-8CAA-1A79289ACE91}
		{38C13A3B-85AA-4502-8FDF-1A00291467E6} = {B980CE32-8F1C-49C0-89E1-C168122DA61E}
		{0A42613B-596F-40F4-9F71-54C1838C9294} = {B980CE32-8F1C-49C0-89E1-C168122DA61E}
		{9B4CC6F9-1492-4640-9C42-5DC38E3DD5E8} = {B980CE32-8F1C-49C0-89E1-C168122DA61E}
		{7BB667A5-9744-4C09-824B-6DA004DE4F81} = {B980CE32-8F1C-49C0-89E1-C168122DA61E}
		{DF9D69DF-4B0B-434D-8526-0C8B383182BA} = {B980CE32-8F1C-49C0-89E1-C168122DA61E}
	EndGlobalSection
	GlobalSection(ExtensibilityGlobals) = postSolution
		SolutionGuid = {FC5A0884-6AD6-4870-A729-E368F28DFAD3}
	EndGlobalSection
EndGlobal
